
Microsoft Visual Studio Solution File, Format Version 12.00
# Visual Studio 15
VisualStudioVersion = 15.0.27130.2010
MinimumVisualStudioVersion = 10.0.40219.1
Project("{FAE04EC0-301F-11D3-BF4B-00C04F79EFBC}") = "T_002_MVC", "T_002_MVC\T_002_MVC.csproj", "{0F4D6DC3-EB27-48F6-BB08-91793AD8ED7C}"
EndProject
Global
	GlobalSection(SolutionConfigurationPlatforms) = preSolution
		Debug|Any CPU = Debug|Any CPU
		Release|Any CPU = Release|Any CPU
	EndGlobalSection
	GlobalSection(ProjectConfigurationPlatforms) = postSolution
		{0F4D6DC3-EB27-48F6-BB08-91793AD8ED7C}.Debug|Any CPU.ActiveCfg = Debug|Any CPU
		{0F4D6DC3-EB27-48F6-BB08-91793AD8ED7C}.Debug|Any CPU.Build.0 = Debug|Any CPU
		{0F4D6DC3-EB27-48F6-BB08-91793AD8ED7C}.Release|Any CPU.ActiveCfg = Release|Any CPU
		{0F4D6DC3-EB27-48F6-BB08-91793AD8ED7C}.Release|Any CPU.Build.0 = Release|Any CPU
	EndGlobalSection
	GlobalSection(SolutionProperties) = preSolution
		HideSolutionNode = FALSE
	EndGlobalSection
	GlobalSection(ExtensibilityGlobals) = postSolution
		SolutionGuid = {3F47F6B2-1E33-4107-B334-A77D51C77D40}
	EndGlobalSection
EndGlobal
