
Microsoft Visual Studio Solution File, Format Version 12.00
# Visual Studio 15
VisualStudioVersion = 15.0.27130.2010
MinimumVisualStudioVersion = 10.0.40219.1
Project("{FAE04EC0-301F-11D3-BF4B-00C04F79EFBC}") = "T_003_RazorPageMovie", "T_003_RazorPageMovie\T_003_RazorPageMovie.csproj", "{10040875-8AEE-43F7-B343-5D85F887C01B}"
EndProject
Global
	GlobalSection(SolutionConfigurationPlatforms) = preSolution
		Debug|Any CPU = Debug|Any CPU
		Release|Any CPU = Release|Any CPU
	EndGlobalSection
	GlobalSection(ProjectConfigurationPlatforms) = postSolution
		{10040875-8AEE-43F7-B343-5D85F887C01B}.Debug|Any CPU.ActiveCfg = Debug|Any CPU
		{10040875-8AEE-43F7-B343-5D85F887C01B}.Debug|Any CPU.Build.0 = Debug|Any CPU
		{10040875-8AEE-43F7-B343-5D85F887C01B}.Release|Any CPU.ActiveCfg = Release|Any CPU
		{10040875-8AEE-43F7-B343-5D85F887C01B}.Release|Any CPU.Build.0 = Release|Any CPU
	EndGlobalSection
	GlobalSection(SolutionProperties) = preSolution
		HideSolutionNode = FALSE
	EndGlobalSection
	GlobalSection(ExtensibilityGlobals) = postSolution
		SolutionGuid = {0DA3E87A-40B0-4871-93EC-0E898AC4EA92}
	EndGlobalSection
EndGlobal
